
Microsoft Visual Studio Solution File, Format Version 12.00
# Visual Studio Version 17
VisualStudioVersion = 17.4.33213.308
MinimumVisualStudioVersion = 10.0.40219.1
Project("{888888A0-9F3D-457C-B088-3A5042F75D52}") = "файлы", "файлы\файлы.pyproj", "{645928E8-734B-44A5-BAA3-A9E1A725400C}"
EndProject
Global
	GlobalSection(SolutionConfigurationPlatforms) = preSolution
		Debug|Any CPU = Debug|Any CPU
		Release|Any CPU = Release|Any CPU
	EndGlobalSection
	GlobalSection(ProjectConfigurationPlatforms) = postSolution
		{645928E8-734B-44A5-BAA3-A9E1A725400C}.Debug|Any CPU.ActiveCfg = Debug|Any CPU
		{645928E8-734B-44A5-BAA3-A9E1A725400C}.Release|Any CPU.ActiveCfg = Release|Any CPU
	EndGlobalSection
	GlobalSection(SolutionProperties) = preSolution
		HideSolutionNode = FALSE
	EndGlobalSection
	GlobalSection(ExtensibilityGlobals) = postSolution
		SolutionGuid = {B0AFACE1-A7B7-4BE3-AEBB-2E3102957715}
	EndGlobalSection
EndGlobal
